
Microsoft Visual Studio Solution File, Format Version 12.00
# Visual Studio Version 16
VisualStudioVersion = 16.0.29613.14
MinimumVisualStudioVersion = 10.0.40219.1
Project("{FAE04EC0-301F-11D3-BF4B-00C04F79EFBC}") = "EmailNotification", "EmailNotification\EmailNotification.csproj", "{47720915-7939-4244-8D40-E62900916A1B}"
EndProject
Project("{2150E333-8FDC-42A3-9474-1A3956D46DE8}") = "Tests", "Tests", "{B80A2091-F58E-4886-94E4-B4CE8AB40E91}"
EndProject
Project("{FAE04EC0-301F-11D3-BF4B-00C04F79EFBC}") = "EmailNotification.Tests", "EmailNotification.Tests\EmailNotification.Tests.csproj", "{D8022C88-5080-47B3-9567-C80D6A1D3482}"
EndProject
Project("{9A19103F-16F7-4668-BE54-9A1E7A4F7556}") = "EmailNotification.Core", "EmailNotification.Core\EmailNotification.Core.csproj", "{1691EF35-D2AE-46A6-B3D0-209957251618}"
EndProject
Project("{2150E333-8FDC-42A3-9474-1A3956D46DE8}") = ".nuget", ".nuget", "{9473988F-0EDE-42BD-A6AF-6EC5F78A3FB4}"
	ProjectSection(SolutionItems) = preProject
		NuGet.config = NuGet.config
	EndProjectSection
EndProject
Project("{2150E333-8FDC-42A3-9474-1A3956D46DE8}") = "Samples", "Samples", "{2C75FBB0-4075-43F2-9029-2C2BB389ED7B}"
EndProject
Project("{FAE04EC0-301F-11D3-BF4B-00C04F79EFBC}") = "EmailNotification.ServiceTest48", "Samples\EmailNotification.ServiceTest.48\EmailNotification.ServiceTest48.csproj", "{F7801F7E-B8CB-4347-9F88-6DC64337B46E}"
EndProject
Project("{FAE04EC0-301F-11D3-BF4B-00C04F79EFBC}") = "EmailNotification.ServiceTest47", "Samples\EmailNotification.ServiceTest.47\EmailNotification.ServiceTest47.csproj", "{33B8F52D-5651-4DBF-A23C-C6667BD0423D}"
EndProject
Project("{9A19103F-16F7-4668-BE54-9A1E7A4F7556}") = "EmailNotification.ServiceTest20", "Samples\EmailNotification.ServiceTest20\EmailNotification.ServiceTest20.csproj", "{839B9EF5-0810-4340-B02C-6AA200523FA3}"
EndProject
Project("{9A19103F-16F7-4668-BE54-9A1E7A4F7556}") = "EmailNotification.ServiceTest22", "Samples\EmailNotification.ServiceTest22\EmailNotification.ServiceTest22.csproj", "{EB6C7957-C2B0-49C6-96A1-5171320ABE72}"
EndProject
Global
	GlobalSection(SolutionConfigurationPlatforms) = preSolution
		Debug|Any CPU = Debug|Any CPU
		Release|Any CPU = Release|Any CPU
	EndGlobalSection
	GlobalSection(ProjectConfigurationPlatforms) = postSolution
		{47720915-7939-4244-8D40-E62900916A1B}.Debug|Any CPU.ActiveCfg = Debug|Any CPU
		{47720915-7939-4244-8D40-E62900916A1B}.Debug|Any CPU.Build.0 = Debug|Any CPU
		{47720915-7939-4244-8D40-E62900916A1B}.Release|Any CPU.ActiveCfg = Release|Any CPU
		{47720915-7939-4244-8D40-E62900916A1B}.Release|Any CPU.Build.0 = Release|Any CPU
		{D8022C88-5080-47B3-9567-C80D6A1D3482}.Debug|Any CPU.ActiveCfg = Debug|Any CPU
		{D8022C88-5080-47B3-9567-C80D6A1D3482}.Debug|Any CPU.Build.0 = Debug|Any CPU
		{D8022C88-5080-47B3-9567-C80D6A1D3482}.Release|Any CPU.ActiveCfg = Release|Any CPU
		{D8022C88-5080-47B3-9567-C80D6A1D3482}.Release|Any CPU.Build.0 = Release|Any CPU
		{1691EF35-D2AE-46A6-B3D0-209957251618}.Debug|Any CPU.ActiveCfg = Debug|Any CPU
		{1691EF35-D2AE-46A6-B3D0-209957251618}.Debug|Any CPU.Build.0 = Debug|Any CPU
		{1691EF35-D2AE-46A6-B3D0-209957251618}.Release|Any CPU.ActiveCfg = Release|Any CPU
		{1691EF35-D2AE-46A6-B3D0-209957251618}.Release|Any CPU.Build.0 = Release|Any CPU
		{F7801F7E-B8CB-4347-9F88-6DC64337B46E}.Debug|Any CPU.ActiveCfg = Debug|Any CPU
		{F7801F7E-B8CB-4347-9F88-6DC64337B46E}.Debug|Any CPU.Build.0 = Debug|Any CPU
		{F7801F7E-B8CB-4347-9F88-6DC64337B46E}.Release|Any CPU.ActiveCfg = Release|Any CPU
		{F7801F7E-B8CB-4347-9F88-6DC64337B46E}.Release|Any CPU.Build.0 = Release|Any CPU
		{33B8F52D-5651-4DBF-A23C-C6667BD0423D}.Debug|Any CPU.ActiveCfg = Debug|Any CPU
		{33B8F52D-5651-4DBF-A23C-C6667BD0423D}.Debug|Any CPU.Build.0 = Debug|Any CPU
		{33B8F52D-5651-4DBF-A23C-C6667BD0423D}.Release|Any CPU.ActiveCfg = Release|Any CPU
		{33B8F52D-5651-4DBF-A23C-C6667BD0423D}.Release|Any CPU.Build.0 = Release|Any CPU
		{839B9EF5-0810-4340-B02C-6AA200523FA3}.Debug|Any CPU.ActiveCfg = Debug|Any CPU
		{839B9EF5-0810-4340-B02C-6AA200523FA3}.Debug|Any CPU.Build.0 = Debug|Any CPU
		{839B9EF5-0810-4340-B02C-6AA200523FA3}.Release|Any CPU.ActiveCfg = Release|Any CPU
		{839B9EF5-0810-4340-B02C-6AA200523FA3}.Release|Any CPU.Build.0 = Release|Any CPU
		{EB6C7957-C2B0-49C6-96A1-5171320ABE72}.Debug|Any CPU.ActiveCfg = Debug|Any CPU
		{EB6C7957-C2B0-49C6-96A1-5171320ABE72}.Debug|Any CPU.Build.0 = Debug|Any CPU
		{EB6C7957-C2B0-49C6-96A1-5171320ABE72}.Release|Any CPU.ActiveCfg = Release|Any CPU
		{EB6C7957-C2B0-49C6-96A1-5171320ABE72}.Release|Any CPU.Build.0 = Release|Any CPU
	EndGlobalSection
	GlobalSection(SolutionProperties) = preSolution
		HideSolutionNode = FALSE
	EndGlobalSection
	GlobalSection(NestedProjects) = preSolution
		{D8022C88-5080-47B3-9567-C80D6A1D3482} = {B80A2091-F58E-4886-94E4-B4CE8AB40E91}
		{F7801F7E-B8CB-4347-9F88-6DC64337B46E} = {2C75FBB0-4075-43F2-9029-2C2BB389ED7B}
		{33B8F52D-5651-4DBF-A23C-C6667BD0423D} = {2C75FBB0-4075-43F2-9029-2C2BB389ED7B}
		{839B9EF5-0810-4340-B02C-6AA200523FA3} = {2C75FBB0-4075-43F2-9029-2C2BB389ED7B}
		{EB6C7957-C2B0-49C6-96A1-5171320ABE72} = {2C75FBB0-4075-43F2-9029-2C2BB389ED7B}
	EndGlobalSection
	GlobalSection(ExtensibilityGlobals) = postSolution
		BuildVersion_UpdateAssemblyVersion = False
		BuildVersion_UpdateFileVersion = False
		BuildVersion_BuildVersioningStyle = None.None.None.None
		SolutionGuid = {01CDD364-E74C-4F10-9038-09C179064C9E}
	EndGlobalSection
EndGlobal
